// !$*UTF8*$!
{
	archiveVersion = 1;
	classes = {
	};
	objectVersion = 77;
	objects = {

/* Begin PBXBuildFile section */
		57DCE6792ED1013100B16FA8 /* SwiftSoup in Frameworks */ = {isa = PBXBuildFile; productRef = 57DCE6782ED1013100B16FA8 /* SwiftSoup */; };
		57DCE6792ED1013100B16FA9 /* SwiftSoup in Frameworks */ = {isa = PBXBuildFile; productRef = 57DCE6782ED1013100B16FA8 /* SwiftSoup */; };
/* End PBXBuildFile section */

/* Begin PBXContainerItemProxy section */
		5780D5D52ECFACC900D62408 /* PBXContainerItemProxy */ = {
			isa = PBXContainerItemProxy;
			containerPortal = 5780D5BF2ECFACC800D62408 /* Project object */;
			proxyType = 1;
			remoteGlobalIDString = 5780D5C62ECFACC800D62408;
			remoteInfo = recipeApp;
		};
		5780D5DF2ECFACC900D62408 /* PBXContainerItemProxy */ = {
			isa = PBXContainerItemProxy;
			containerPortal = 5780D5BF2ECFACC800D62408 /* Project object */;
			proxyType = 1;
			remoteGlobalIDString = 5780D5C62ECFACC800D62408;
			remoteInfo = recipeApp;
		};
/* End PBXContainerItemProxy section */

	/* Begin PBXFileReference section */
		5780D5C72ECFACC800D62408 /* recipeApp.app */ = {isa = PBXFileReference; explicitFileType = wrapper.application; includeInIndex = 0; path = recipeApp.app; sourceTree = BUILT_PRODUCTS_DIR; };
		5780D5D42ECFACC900D62408 /* recipeAppTests.xctest */ = {isa = PBXFileReference; explicitFileType = wrapper.cfbundle; includeInIndex = 0; path = recipeAppTests.xctest; sourceTree = BUILT_PRODUCTS_DIR; };
		5780D5DE2ECFACC900D62408 /* recipeAppUITests.xctest */ = {isa = PBXFileReference; explicitFileType = wrapper.cfbundle; includeInIndex = 0; path = recipeAppUITests.xctest; sourceTree = BUILT_PRODUCTS_DIR; };
		57E1F0022ECFBCD800D62409 /* RecipeShareExtension.appex */ = {isa = PBXFileReference; explicitFileType = "wrapper.app-extension"; includeInIndex = 0; path = RecipeShareExtension.appex; sourceTree = BUILT_PRODUCTS_DIR; };
	/* Begin PBXFileSystemSynchronizedRootGroup section */
		5780D5C92ECFACC800D62408 /* recipeApp */ = {
			isa = PBXFileSystemSynchronizedRootGroup;
			path = recipeApp;
			sourceTree = "<group>";
		};
		5780D5D72ECFACC900D62408 /* recipeAppTests */ = {
			isa = PBXFileSystemSynchronizedRootGroup;
			path = recipeAppTests;
			sourceTree = "<group>";
		};
		5780D5E12ECFACC900D62408 /* recipeAppUITests */ = {
			isa = PBXFileSystemSynchronizedRootGroup;
			path = recipeAppUITests;
			sourceTree = "<group>";
		};
		57E1F0092ECFBCD800D62409 /* RecipeShareExtension */ = {
			isa = PBXFileSystemSynchronizedRootGroup;
			path = RecipeShareExtension;
			sourceTree = "<group>";
		};
	/* End PBXFileSystemSynchronizedRootGroup section */

	/* Begin PBXFrameworksBuildPhase section */
		5780D5C42ECFACC800D62408 /* Frameworks */ = {
			isa = PBXFrameworksBuildPhase;
			buildActionMask = 2147483647;
			files = (
				57DCE6792ED1013100B16FA8 /* SwiftSoup in Frameworks */,
			);
			runOnlyForDeploymentPostprocessing = 0;
		};
		5780D5D12ECFACC900D62408 /* Frameworks */ = {
			isa = PBXFrameworksBuildPhase;
			buildActionMask = 2147483647;
			files = (
				57DCE6792ED1013100B16FA9 /* SwiftSoup in Frameworks */,
			);
			runOnlyForDeploymentPostprocessing = 0;
		};
		5780D5DB2ECFACC900D62408 /* Frameworks */ = {
			isa = PBXFrameworksBuildPhase;
			buildActionMask = 2147483647;
			files = (
			);
			runOnlyForDeploymentPostprocessing = 0;
		};
		57E1F0042ECFBCD800D62409 /* Frameworks */ = {
			isa = PBXFrameworksBuildPhase;
			buildActionMask = 2147483647;
			files = (
			);
			runOnlyForDeploymentPostprocessing = 0;
		};
	/* End PBXFrameworksBuildPhase section *//* Begin PBXGroup section */
		5780D5BE2ECFACC800D62408 = {
			isa = PBXGroup;
			children = (
				5780D5C92ECFACC800D62408 /* recipeApp */,
				5780D5D72ECFACC900D62408 /* recipeAppTests */,
				5780D5E12ECFACC900D62408 /* recipeAppUITests */,
				5780D5C82ECFACC800D62408 /* Products */,
			);
			sourceTree = "<group>";
		};
		5780D5C82ECFACC800D62408 /* Products */ = {
			isa = PBXGroup;
			children = (
				5780D5C72ECFACC800D62408 /* recipeApp.app */,
				5780D5D42ECFACC900D62408 /* recipeAppTests.xctest */,
				5780D5DE2ECFACC900D62408 /* recipeAppUITests.xctest */,
				57E1F0022ECFBCD800D62409 /* RecipeShareExtension.appex */,
			);
			name = Products;
			sourceTree = "<group>";
		};
/* End PBXGroup section */

/* Begin PBXNativeTarget section */
		5780D5C62ECFACC800D62408 /* recipeApp */ = {
			isa = PBXNativeTarget;
			buildConfigurationList = 5780D5E82ECFACC900D62408 /* Build configuration list for PBXNativeTarget "recipeApp" */;
			buildPhases = (
				5780D5C32ECFACC800D62408 /* Sources */,
				5780D5C42ECFACC800D62408 /* Frameworks */,
				5780D5C52ECFACC800D62408 /* Resources */,
			);
			buildRules = (
			);
			dependencies = (
			);
			fileSystemSynchronizedGroups = (
				5780D5C92ECFACC800D62408 /* recipeApp */,
			);
			name = recipeApp;
			packageProductDependencies = (
				57DCE6782ED1013100B16FA8 /* SwiftSoup */,
			);
			productName = recipeApp;
			productReference = 5780D5C72ECFACC800D62408 /* recipeApp.app */;
			productType = "com.apple.product-type.application";
		};
		5780D5D32ECFACC900D62408 /* recipeAppTests */ = {
			isa = PBXNativeTarget;
			buildConfigurationList = 5780D5EB2ECFACC900D62408 /* Build configuration list for PBXNativeTarget "recipeAppTests" */;
			buildPhases = (
				5780D5D02ECFACC900D62408 /* Sources */,
				5780D5D12ECFACC900D62408 /* Frameworks */,
				5780D5D22ECFACC900D62408 /* Resources */,
			);
			buildRules = (
			);
			dependencies = (
				5780D5D62ECFACC900D62408 /* PBXTargetDependency */,
			);
			fileSystemSynchronizedGroups = (
				5780D5D72ECFACC900D62408 /* recipeAppTests */,
			);
			name = recipeAppTests;
			packageProductDependencies = (
				57DCE6782ED1013100B16FA8 /* SwiftSoup */,
			);
			productName = recipeAppTests;
			productReference = 5780D5D42ECFACC900D62408 /* recipeAppTests.xctest */;
			productType = "com.apple.product-type.bundle.unit-test";
		};
		5780D5DD2ECFACC900D62408 /* recipeAppUITests */ = {
			isa = PBXNativeTarget;
			buildConfigurationList = 5780D5EE2ECFACC900D62408 /* Build configuration list for PBXNativeTarget "recipeAppUITests" */;
			buildPhases = (
				5780D5DA2ECFACC900D62408 /* Sources */,
				5780D5DB2ECFACC900D62408 /* Frameworks */,
				5780D5DC2ECFACC900D62408 /* Resources */,
			);
			buildRules = (
			);
			dependencies = (
				5780D5E02ECFACC900D62408 /* PBXTargetDependency */,
			);
			fileSystemSynchronizedGroups = (
				5780D5E12ECFACC900D62408 /* recipeAppUITests */,
			);
			name = recipeAppUITests;
			packageProductDependencies = (
			);
			productName = recipeAppUITests;
			productReference = 5780D5DE2ECFACC900D62408 /* recipeAppUITests.xctest */;
			productType = "com.apple.product-type.bundle.ui-testing";
		};
		57E1F0012ECFBCD800D62409 /* RecipeShareExtension */ = {
			isa = PBXNativeTarget;
			buildConfigurationList = 57E1F0062ECFBCD800D62409 /* Build configuration list for PBXNativeTarget "RecipeShareExtension" */;
			buildPhases = (
				57E1F0032ECFBCD800D62409 /* Sources */,
				57E1F0042ECFBCD800D62409 /* Frameworks */,
				57E1F0052ECFBCD800D62409 /* Resources */,
			);
			buildRules = (
			);
			dependencies = (
			);
			fileSystemSynchronizedGroups = (
				57E1F0092ECFBCD800D62409 /* RecipeShareExtension */,
			);
			name = RecipeShareExtension;
			packageProductDependencies = (
			);
			productName = RecipeShareExtension;
			productReference = 57E1F0022ECFBCD800D62409 /* RecipeShareExtension.appex */;
			productType = "com.apple.product-type.app-extension";
		};
	/* End PBXNativeTarget section *//* Begin PBXProject section */
		5780D5BF2ECFACC800D62408 /* Project object */ = {
			isa = PBXProject;
			attributes = {
				BuildIndependentTargetsInParallel = 1;
				LastSwiftUpdateCheck = 2610;
				LastUpgradeCheck = 2610;
				TargetAttributes = {
					5780D5C62ECFACC800D62408 = {
						CreatedOnToolsVersion = 26.1.1;
					};
					5780D5D32ECFACC900D62408 = {
						CreatedOnToolsVersion = 26.1.1;
						TestTargetID = 5780D5C62ECFACC800D62408;
					};
					5780D5DD2ECFACC900D62408 = {
						CreatedOnToolsVersion = 26.1.1;
						TestTargetID = 5780D5C62ECFACC800D62408;
					};
					57E1F0012ECFBCD800D62409 = {
						CreatedOnToolsVersion = 26.1.1;
					};
				};
			};
			buildConfigurationList = 5780D5C22ECFACC800D62408 /* Build configuration list for PBXProject "recipeApp" */;
			developmentRegion = en;
			hasScannedForEncodings = 0;
			knownRegions = (
				en,
				Base,
			);
			mainGroup = 5780D5BE2ECFACC800D62408;
			minimizedProjectReferenceProxies = 1;
			packageReferences = (
				57DCE6772ED0FE7A00B16FA8 /* XCRemoteSwiftPackageReference "SwiftSoup" */,
			);
			preferredProjectObjectVersion = 77;
			productRefGroup = 5780D5C82ECFACC800D62408 /* Products */;
			projectDirPath = "";
			projectRoot = "";
			targets = (
				5780D5C62ECFACC800D62408 /* recipeApp */,
				5780D5D32ECFACC900D62408 /* recipeAppTests */,
				5780D5DD2ECFACC900D62408 /* recipeAppUITests */,
				57E1F0012ECFBCD800D62409 /* RecipeShareExtension */,
			);
		};
/* End PBXProject section */

	/* Begin PBXResourcesBuildPhase section */
		5780D5C52ECFACC800D62408 /* Resources */ = {
			isa = PBXResourcesBuildPhase;
			buildActionMask = 2147483647;
			files = (
			);
			runOnlyForDeploymentPostprocessing = 0;
		};
		5780D5D22ECFACC900D62408 /* Resources */ = {
			isa = PBXResourcesBuildPhase;
			buildActionMask = 2147483647;
			files = (
			);
			runOnlyForDeploymentPostprocessing = 0;
		};
		5780D5DC2ECFACC900D62408 /* Resources */ = {
			isa = PBXResourcesBuildPhase;
			buildActionMask = 2147483647;
			files = (
			);
			runOnlyForDeploymentPostprocessing = 0;
		};
		57E1F0052ECFBCD800D62409 /* Resources */ = {
			isa = PBXResourcesBuildPhase;
			buildActionMask = 2147483647;
			files = (
			);
			runOnlyForDeploymentPostprocessing = 0;
		};
	/* End PBXResourcesBuildPhase section *//* Begin PBXSourcesBuildPhase section */
		5780D5C32ECFACC800D62408 /* Sources */ = {
			isa = PBXSourcesBuildPhase;
			buildActionMask = 2147483647;
			files = (
			);
			runOnlyForDeploymentPostprocessing = 0;
		};
		5780D5D02ECFACC900D62408 /* Sources */ = {
			isa = PBXSourcesBuildPhase;
			buildActionMask = 2147483647;
			files = (
			);
			runOnlyForDeploymentPostprocessing = 0;
		};
		5780D5DA2ECFACC900D62408 /* Sources */ = {
			isa = PBXSourcesBuildPhase;
			buildActionMask = 2147483647;
			files = (
			);
			runOnlyForDeploymentPostprocessing = 0;
		};
		57E1F0032ECFBCD800D62409 /* Sources */ = {
			isa = PBXSourcesBuildPhase;
			buildActionMask = 2147483647;
			files = (
			);
			runOnlyForDeploymentPostprocessing = 0;
		};
	/* End PBXSourcesBuildPhase section *//* Begin PBXTargetDependency section */
		5780D5D62ECFACC900D62408 /* PBXTargetDependency */ = {
			isa = PBXTargetDependency;
			target = 5780D5C62ECFACC800D62408 /* recipeApp */;
			targetProxy = 5780D5D52ECFACC900D62408 /* PBXContainerItemProxy */;
		};
		5780D5E02ECFACC900D62408 /* PBXTargetDependency */ = {
			isa = PBXTargetDependency;
			target = 5780D5C62ECFACC800D62408 /* recipeApp */;
			targetProxy = 5780D5DF2ECFACC900D62408 /* PBXContainerItemProxy */;
		};
/* End PBXTargetDependency section */

/* Begin XCBuildConfiguration section */
		5780D5E62ECFACC900D62408 /* Debug */ = {
			isa = XCBuildConfiguration;
			buildSettings = {
				ALWAYS_SEARCH_USER_PATHS = NO;
				ASSETCATALOG_COMPILER_GENERATE_SWIFT_ASSET_SYMBOL_EXTENSIONS = YES;
				CLANG_ANALYZER_NONNULL = YES;
				CLANG_ANALYZER_NUMBER_OBJECT_CONVERSION = YES_AGGRESSIVE;
				CLANG_CXX_LANGUAGE_STANDARD = "gnu++20";
				CLANG_ENABLE_MODULES = YES;
				CLANG_ENABLE_OBJC_ARC = YES;
				CLANG_ENABLE_OBJC_WEAK = YES;
				CLANG_WARN_BLOCK_CAPTURE_AUTORELEASING = YES;
				CLANG_WARN_BOOL_CONVERSION = YES;
				CLANG_WARN_COMMA = YES;
				CLANG_WARN_CONSTANT_CONVERSION = YES;
				CLANG_WARN_DEPRECATED_OBJC_IMPLEMENTATIONS = YES;
				CLANG_WARN_DIRECT_OBJC_ISA_USAGE = YES_ERROR;
				CLANG_WARN_DOCUMENTATION_COMMENTS = YES;
				CLANG_WARN_EMPTY_BODY = YES;
				CLANG_WARN_ENUM_CONVERSION = YES;
				CLANG_WARN_INFINITE_RECURSION = YES;
				CLANG_WARN_INT_CONVERSION = YES;
				CLANG_WARN_NON_LITERAL_NULL_CONVERSION = YES;
				CLANG_WARN_OBJC_IMPLICIT_RETAIN_SELF = YES;
				CLANG_WARN_OBJC_LITERAL_CONVERSION = YES;
				CLANG_WARN_OBJC_ROOT_CLASS = YES_ERROR;
				CLANG_WARN_QUOTED_INCLUDE_IN_FRAMEWORK_HEADER = YES;
				CLANG_WARN_RANGE_LOOP_ANALYSIS = YES;
				CLANG_WARN_STRICT_PROTOTYPES = YES;
				CLANG_WARN_SUSPICIOUS_MOVE = YES;
				CLANG_WARN_UNGUARDED_AVAILABILITY = YES_AGGRESSIVE;
				CLANG_WARN_UNREACHABLE_CODE = YES;
				CLANG_WARN__DUPLICATE_METHOD_MATCH = YES;
				COPY_PHASE_STRIP = NO;
				DEBUG_INFORMATION_FORMAT = dwarf;
				ENABLE_STRICT_OBJC_MSGSEND = YES;
				ENABLE_TESTABILITY = YES;
				ENABLE_USER_SCRIPT_SANDBOXING = YES;
				GCC_C_LANGUAGE_STANDARD = gnu17;
				GCC_DYNAMIC_NO_PIC = NO;
				GCC_NO_COMMON_BLOCKS = YES;
				GCC_OPTIMIZATION_LEVEL = 0;
				GCC_PREPROCESSOR_DEFINITIONS = (
					"DEBUG=1",
					"$(inherited)",
				);
				GCC_WARN_64_TO_32_BIT_CONVERSION = YES;
				GCC_WARN_ABOUT_RETURN_TYPE = YES_ERROR;
				GCC_WARN_UNDECLARED_SELECTOR = YES;
				GCC_WARN_UNINITIALIZED_AUTOS = YES_AGGRESSIVE;
				GCC_WARN_UNUSED_FUNCTION = YES;
				GCC_WARN_UNUSED_VARIABLE = YES;
				IPHONEOS_DEPLOYMENT_TARGET = 26.1;
				LOCALIZATION_PREFERS_STRING_CATALOGS = YES;
				MTL_ENABLE_DEBUG_INFO = INCLUDE_SOURCE;
				MTL_FAST_MATH = YES;
				ONLY_ACTIVE_ARCH = YES;
				SDKROOT = iphoneos;
				SWIFT_ACTIVE_COMPILATION_CONDITIONS = "DEBUG $(inherited)";
				SWIFT_OPTIMIZATION_LEVEL = "-Onone";
			};
			name = Debug;
		};
		5780D5E72ECFACC900D62408 /* Release */ = {
			isa = XCBuildConfiguration;
			buildSettings = {
				ALWAYS_SEARCH_USER_PATHS = NO;
				ASSETCATALOG_COMPILER_GENERATE_SWIFT_ASSET_SYMBOL_EXTENSIONS = YES;
				CLANG_ANALYZER_NONNULL = YES;
				CLANG_ANALYZER_NUMBER_OBJECT_CONVERSION = YES_AGGRESSIVE;
				CLANG_CXX_LANGUAGE_STANDARD = "gnu++20";
				CLANG_ENABLE_MODULES = YES;
				CLANG_ENABLE_OBJC_ARC = YES;
				CLANG_ENABLE_OBJC_WEAK = YES;
				CLANG_WARN_BLOCK_CAPTURE_AUTORELEASING = YES;
				CLANG_WARN_BOOL_CONVERSION = YES;
				CLANG_WARN_COMMA = YES;
				CLANG_WARN_CONSTANT_CONVERSION = YES;
				CLANG_WARN_DEPRECATED_OBJC_IMPLEMENTATIONS = YES;
				CLANG_WARN_DIRECT_OBJC_ISA_USAGE = YES_ERROR;
				CLANG_WARN_DOCUMENTATION_COMMENTS = YES;
				CLANG_WARN_EMPTY_BODY = YES;
				CLANG_WARN_ENUM_CONVERSION = YES;
				CLANG_WARN_INFINITE_RECURSION = YES;
				CLANG_WARN_INT_CONVERSION = YES;
				CLANG_WARN_NON_LITERAL_NULL_CONVERSION = YES;
				CLANG_WARN_OBJC_IMPLICIT_RETAIN_SELF = YES;
				CLANG_WARN_OBJC_LITERAL_CONVERSION = YES;
				CLANG_WARN_OBJC_ROOT_CLASS = YES_ERROR;
				CLANG_WARN_QUOTED_INCLUDE_IN_FRAMEWORK_HEADER = YES;
				CLANG_WARN_RANGE_LOOP_ANALYSIS = YES;
				CLANG_WARN_STRICT_PROTOTYPES = YES;
				CLANG_WARN_SUSPICIOUS_MOVE = YES;
				CLANG_WARN_UNGUARDED_AVAILABILITY = YES_AGGRESSIVE;
				CLANG_WARN_UNREACHABLE_CODE = YES;
				CLANG_WARN__DUPLICATE_METHOD_MATCH = YES;
				COPY_PHASE_STRIP = NO;
				DEBUG_INFORMATION_FORMAT = "dwarf-with-dsym";
				ENABLE_NS_ASSERTIONS = NO;
				ENABLE_STRICT_OBJC_MSGSEND = YES;
				ENABLE_USER_SCRIPT_SANDBOXING = YES;
				GCC_C_LANGUAGE_STANDARD = gnu17;
				GCC_NO_COMMON_BLOCKS = YES;
				GCC_WARN_64_TO_32_BIT_CONVERSION = YES;
				GCC_WARN_ABOUT_RETURN_TYPE = YES_ERROR;
				GCC_WARN_UNDECLARED_SELECTOR = YES;
				GCC_WARN_UNINITIALIZED_AUTOS = YES_AGGRESSIVE;
				GCC_WARN_UNUSED_FUNCTION = YES;
				GCC_WARN_UNUSED_VARIABLE = YES;
				IPHONEOS_DEPLOYMENT_TARGET = 26.1;
				LOCALIZATION_PREFERS_STRING_CATALOGS = YES;
				MTL_ENABLE_DEBUG_INFO = NO;
				MTL_FAST_MATH = YES;
				SDKROOT = iphoneos;
				SWIFT_COMPILATION_MODE = wholemodule;
				VALIDATE_PRODUCT = YES;
			};
			name = Release;
		};
		5780D5E92ECFACC900D62408 /* Debug */ = {
			isa = XCBuildConfiguration;
			buildSettings = {
				ASSETCATALOG_COMPILER_APPICON_NAME = AppIcon;
				ASSETCATALOG_COMPILER_GLOBAL_ACCENT_COLOR_NAME = AccentColor;
				CODE_SIGN_IDENTITY = "";
				CODE_SIGN_STYLE = Automatic;
				DEVELOPMENT_TEAM = "";
				CODE_SIGNING_REQUIRED = NO;
				CURRENT_PROJECT_VERSION = 1;
				ENABLE_PREVIEWS = YES;
				GENERATE_INFOPLIST_FILE = YES;
				INFOPLIST_KEY_CFBundleURLTypes = (
					{
						CFBundleURLName = "Recipe App URL Scheme";
						CFBundleURLSchemes = (
							recipeapp,
						);
					},
				);
				INFOPLIST_KEY_UIApplicationSceneManifest_Generation = YES;
				INFOPLIST_KEY_UIApplicationSupportsIndirectInputEvents = YES;
				INFOPLIST_KEY_UILaunchScreen_Generation = YES;
				INFOPLIST_KEY_UISupportedInterfaceOrientations_iPad = "UIInterfaceOrientationPortrait UIInterfaceOrientationPortraitUpsideDown UIInterfaceOrientationLandscapeLeft UIInterfaceOrientationLandscapeRight";
				INFOPLIST_KEY_UISupportedInterfaceOrientations_iPhone = "UIInterfaceOrientationPortrait UIInterfaceOrientationLandscapeLeft UIInterfaceOrientationLandscapeRight";
				LD_RUNPATH_SEARCH_PATHS = (
					"$(inherited)",
					"@executable_path/Frameworks",
				);
				MARKETING_VERSION = 1.0;
				PRODUCT_BUNDLE_IDENTIFIER = brew.recipeApp;
				PRODUCT_NAME = "$(TARGET_NAME)";
				STRING_CATALOG_GENERATE_SYMBOLS = YES;
				SWIFT_APPROACHABLE_CONCURRENCY = YES;
				SWIFT_DEFAULT_ACTOR_ISOLATION = MainActor;
				SWIFT_EMIT_LOC_STRINGS = YES;
				SWIFT_UPCOMING_FEATURE_MEMBER_IMPORT_VISIBILITY = YES;
				SWIFT_VERSION = 5.0;
				TARGETED_DEVICE_FAMILY = "1,2";
			};
			name = Debug;
		};
		5780D5EA2ECFACC900D62408 /* Release */ = {
			isa = XCBuildConfiguration;
			buildSettings = {
				ASSETCATALOG_COMPILER_APPICON_NAME = AppIcon;
				ASSETCATALOG_COMPILER_GLOBAL_ACCENT_COLOR_NAME = AccentColor;
				CODE_SIGN_IDENTITY = "";
				CODE_SIGN_STYLE = Automatic;
				DEVELOPMENT_TEAM = "";
				CODE_SIGNING_REQUIRED = NO;
				CURRENT_PROJECT_VERSION = 1;
				ENABLE_PREVIEWS = YES;
				GENERATE_INFOPLIST_FILE = YES;
				INFOPLIST_KEY_CFBundleURLTypes = (
					{
						CFBundleURLName = "Recipe App URL Scheme";
						CFBundleURLSchemes = (
							recipeapp,
						);
					},
				);
				INFOPLIST_KEY_UIApplicationSceneManifest_Generation = YES;
				INFOPLIST_KEY_UIApplicationSupportsIndirectInputEvents = YES;
				INFOPLIST_KEY_UILaunchScreen_Generation = YES;
				INFOPLIST_KEY_UISupportedInterfaceOrientations_iPad = "UIInterfaceOrientationPortrait UIInterfaceOrientationPortraitUpsideDown UIInterfaceOrientationLandscapeLeft UIInterfaceOrientationLandscapeRight";
				INFOPLIST_KEY_UISupportedInterfaceOrientations_iPhone = "UIInterfaceOrientationPortrait UIInterfaceOrientationLandscapeLeft UIInterfaceOrientationLandscapeRight";
				LD_RUNPATH_SEARCH_PATHS = (
					"$(inherited)",
					"@executable_path/Frameworks",
				);
				MARKETING_VERSION = 1.0;
				PRODUCT_BUNDLE_IDENTIFIER = brew.recipeApp;
				PRODUCT_NAME = "$(TARGET_NAME)";
				STRING_CATALOG_GENERATE_SYMBOLS = YES;
				SWIFT_APPROACHABLE_CONCURRENCY = YES;
				SWIFT_DEFAULT_ACTOR_ISOLATION = MainActor;
				SWIFT_EMIT_LOC_STRINGS = YES;
				SWIFT_UPCOMING_FEATURE_MEMBER_IMPORT_VISIBILITY = YES;
				SWIFT_VERSION = 5.0;
				TARGETED_DEVICE_FAMILY = "1,2";
			};
			name = Release;
		};
		5780D5EC2ECFACC900D62408 /* Debug */ = {
			isa = XCBuildConfiguration;
			buildSettings = {
				BUNDLE_LOADER = "$(TEST_HOST)";
				CODE_SIGN_STYLE = Automatic;
				CURRENT_PROJECT_VERSION = 1;
				GENERATE_INFOPLIST_FILE = YES;
				IPHONEOS_DEPLOYMENT_TARGET = 26.1;
				MARKETING_VERSION = 1.0;
				PRODUCT_BUNDLE_IDENTIFIER = brew.recipeAppTests;
				PRODUCT_NAME = "$(TARGET_NAME)";
				STRING_CATALOG_GENERATE_SYMBOLS = NO;
				SWIFT_APPROACHABLE_CONCURRENCY = YES;
				SWIFT_EMIT_LOC_STRINGS = NO;
				SWIFT_UPCOMING_FEATURE_MEMBER_IMPORT_VISIBILITY = YES;
				SWIFT_VERSION = 5.0;
				TARGETED_DEVICE_FAMILY = "1,2";
				TEST_HOST = "$(BUILT_PRODUCTS_DIR)/recipeApp.app/$(BUNDLE_EXECUTABLE_FOLDER_PATH)/recipeApp";
			};
			name = Debug;
		};
		5780D5ED2ECFACC900D62408 /* Release */ = {
			isa = XCBuildConfiguration;
			buildSettings = {
				BUNDLE_LOADER = "$(TEST_HOST)";
				CODE_SIGN_STYLE = Automatic;
				CURRENT_PROJECT_VERSION = 1;
				GENERATE_INFOPLIST_FILE = YES;
				IPHONEOS_DEPLOYMENT_TARGET = 26.1;
				MARKETING_VERSION = 1.0;
				PRODUCT_BUNDLE_IDENTIFIER = brew.recipeAppTests;
				PRODUCT_NAME = "$(TARGET_NAME)";
				STRING_CATALOG_GENERATE_SYMBOLS = NO;
				SWIFT_APPROACHABLE_CONCURRENCY = YES;
				SWIFT_EMIT_LOC_STRINGS = NO;
				SWIFT_UPCOMING_FEATURE_MEMBER_IMPORT_VISIBILITY = YES;
				SWIFT_VERSION = 5.0;
				TARGETED_DEVICE_FAMILY = "1,2";
				TEST_HOST = "$(BUILT_PRODUCTS_DIR)/recipeApp.app/$(BUNDLE_EXECUTABLE_FOLDER_PATH)/recipeApp";
			};
			name = Release;
		};
		5780D5EF2ECFACC900D62408 /* Debug */ = {
			isa = XCBuildConfiguration;
			buildSettings = {
				CODE_SIGN_STYLE = Automatic;
				CURRENT_PROJECT_VERSION = 1;
				GENERATE_INFOPLIST_FILE = YES;
				MARKETING_VERSION = 1.0;
				PRODUCT_BUNDLE_IDENTIFIER = brew.recipeAppUITests;
				PRODUCT_NAME = "$(TARGET_NAME)";
				STRING_CATALOG_GENERATE_SYMBOLS = NO;
				SWIFT_APPROACHABLE_CONCURRENCY = YES;
				SWIFT_EMIT_LOC_STRINGS = NO;
				SWIFT_UPCOMING_FEATURE_MEMBER_IMPORT_VISIBILITY = YES;
				SWIFT_VERSION = 5.0;
				TARGETED_DEVICE_FAMILY = "1,2";
				TEST_TARGET_NAME = recipeApp;
			};
			name = Debug;
		};
		5780D5F02ECFACC900D62408 /* Release */ = {
			isa = XCBuildConfiguration;
			buildSettings = {
				CODE_SIGN_STYLE = Automatic;
				CURRENT_PROJECT_VERSION = 1;
				GENERATE_INFOPLIST_FILE = YES;
				MARKETING_VERSION = 1.0;
				PRODUCT_BUNDLE_IDENTIFIER = brew.recipeAppUITests;
				PRODUCT_NAME = "$(TARGET_NAME)";
				STRING_CATALOG_GENERATE_SYMBOLS = NO;
				SWIFT_APPROACHABLE_CONCURRENCY = YES;
				SWIFT_EMIT_LOC_STRINGS = NO;
				SWIFT_UPCOMING_FEATURE_MEMBER_IMPORT_VISIBILITY = YES;
				SWIFT_VERSION = 5.0;
				TARGETED_DEVICE_FAMILY = "1,2";
				TEST_TARGET_NAME = recipeApp;
			};
			name = Release;
		};
		57E1F0072ECFBCD800D62409 /* Debug */ = {
			isa = XCBuildConfiguration;
			buildSettings = {
				CODE_SIGN_IDENTITY = "";
				CODE_SIGN_STYLE = Automatic;
				CODE_SIGNING_REQUIRED = NO;
				CURRENT_PROJECT_VERSION = 1;
				DEVELOPMENT_TEAM = "";
				GENERATE_INFOPLIST_FILE = YES;
				INFOPLIST_KEY_NSLocalizedDescription = "";
				IPHONEOS_DEPLOYMENT_TARGET = 15.0;
				MARKETING_VERSION = 1.0;
				PRODUCT_BUNDLE_IDENTIFIER = brew.recipeApp.ShareExtension;
				PRODUCT_NAME = "$(TARGET_NAME)";
				SKIP_INSTALL = YES;
				SWIFT_EMIT_LOC_STRINGS = YES;
				SWIFT_VERSION = 5.0;
				TARGETED_DEVICE_FAMILY = "1,2";
			};
			name = Debug;
		};
		57E1F0082ECFBCD800D62409 /* Release */ = {
			isa = XCBuildConfiguration;
			buildSettings = {
				CODE_SIGN_IDENTITY = "";
				CODE_SIGN_STYLE = Automatic;
				CODE_SIGNING_REQUIRED = NO;
				CURRENT_PROJECT_VERSION = 1;
				DEVELOPMENT_TEAM = "";
				GENERATE_INFOPLIST_FILE = YES;
				INFOPLIST_KEY_NSLocalizedDescription = "";
				IPHONEOS_DEPLOYMENT_TARGET = 15.0;
				MARKETING_VERSION = 1.0;
				PRODUCT_BUNDLE_IDENTIFIER = brew.recipeApp.ShareExtension;
				PRODUCT_NAME = "$(TARGET_NAME)";
				SKIP_INSTALL = YES;
				SWIFT_EMIT_LOC_STRINGS = YES;
				SWIFT_VERSION = 5.0;
				TARGETED_DEVICE_FAMILY = "1,2";
			};
			name = Release;
		};
	/* End XCBuildConfiguration section *//* Begin XCConfigurationList section */
		5780D5C22ECFACC800D62408 /* Build configuration list for PBXProject "recipeApp" */ = {
			isa = XCConfigurationList;
			buildConfigurations = (
				5780D5E62ECFACC900D62408 /* Debug */,
				5780D5E72ECFACC900D62408 /* Release */,
			);
			defaultConfigurationIsVisible = 0;
			defaultConfigurationName = Release;
		};
		5780D5E82ECFACC900D62408 /* Build configuration list for PBXNativeTarget "recipeApp" */ = {
			isa = XCConfigurationList;
			buildConfigurations = (
				5780D5E92ECFACC900D62408 /* Debug */,
				5780D5EA2ECFACC900D62408 /* Release */,
			);
			defaultConfigurationIsVisible = 0;
			defaultConfigurationName = Release;
		};
		5780D5EB2ECFACC900D62408 /* Build configuration list for PBXNativeTarget "recipeAppTests" */ = {
			isa = XCConfigurationList;
			buildConfigurations = (
				5780D5EC2ECFACC900D62408 /* Debug */,
				5780D5ED2ECFACC900D62408 /* Release */,
			);
			defaultConfigurationIsVisible = 0;
			defaultConfigurationName = Release;
		};
		5780D5EE2ECFACC900D62408 /* Build configuration list for PBXNativeTarget "recipeAppUITests" */ = {
			isa = XCConfigurationList;
			buildConfigurations = (
				5780D5EF2ECFACC900D62408 /* Debug */,
				5780D5F02ECFACC900D62408 /* Release */,
			);
			defaultConfigurationIsVisible = 0;
			defaultConfigurationName = Release;
		};
		57E1F0062ECFBCD800D62409 /* Build configuration list for PBXNativeTarget "RecipeShareExtension" */ = {
			isa = XCConfigurationList;
			buildConfigurations = (
				57E1F0072ECFBCD800D62409 /* Debug */,
				57E1F0082ECFBCD800D62409 /* Release */,
			);
			defaultConfigurationIsVisible = 0;
			defaultConfigurationName = Release;
		};
	/* End XCConfigurationList section *//* Begin XCRemoteSwiftPackageReference section */
		57DCE6772ED0FE7A00B16FA8 /* XCRemoteSwiftPackageReference "SwiftSoup" */ = {
			isa = XCRemoteSwiftPackageReference;
			repositoryURL = "https://github.com/scinfu/SwiftSoup";
			requirement = {
				kind = upToNextMajorVersion;
				minimumVersion = 2.11.1;
			};
		};
/* End XCRemoteSwiftPackageReference section */

/* Begin XCSwiftPackageProductDependency section */
		57DCE6782ED1013100B16FA8 /* SwiftSoup */ = {
			isa = XCSwiftPackageProductDependency;
			package = 57DCE6772ED0FE7A00B16FA8 /* XCRemoteSwiftPackageReference "SwiftSoup" */;
			productName = SwiftSoup;
		};
/* End XCSwiftPackageProductDependency section */
	};
	rootObject = 5780D5BF2ECFACC800D62408 /* Project object */;
}
